
Microsoft Visual Studio Solution File, Format Version 11.00
# Visual Studio 2010
Project("{FAE04EC0-301F-11D3-BF4B-00C04F79EFBC}") = "Assembly-CSharp", "Assembly-CSharp.csproj", "{5816d90f-42e7-b6df-3f08-be9feb105adf}"
EndProject
Project("{FAE04EC0-301F-11D3-BF4B-00C04F79EFBC}") = "SilentCelShading.Unity", "SilentCelShading.Unity.csproj", "{e2cea355-2854-d7f9-f532-fccfdd6aa186}"
EndProject
Project("{FAE04EC0-301F-11D3-BF4B-00C04F79EFBC}") = "Substance.EditorHelper", "Substance.EditorHelper.csproj", "{42d122ee-a807-be62-cf3c-1827fde64653}"
EndProject
Project("{FAE04EC0-301F-11D3-BF4B-00C04F79EFBC}") = "Substance.Platform", "Substance.Platform.csproj", "{14281628-da99-5c03-ac43-b39e6009bb02}"
EndProject
Project("{FAE04EC0-301F-11D3-BF4B-00C04F79EFBC}") = "Assembly-CSharp-Editor-firstpass", "Assembly-CSharp-Editor-firstpass.csproj", "{4ef9eeb5-347c-899b-a982-895b185d02f4}"
EndProject
Global
	GlobalSection(SolutionConfigurationPlatforms) = preSolution
		Debug|Any CPU = Debug|Any CPU
	EndGlobalSection
	GlobalSection(ProjectConfigurationPlatforms) = postSolution
		{5816d90f-42e7-b6df-3f08-be9feb105adf}.Debug|Any CPU.ActiveCfg = Debug|Any CPU
		{5816d90f-42e7-b6df-3f08-be9feb105adf}.Debug|Any CPU.Build.0 = Debug|Any CPU
		{e2cea355-2854-d7f9-f532-fccfdd6aa186}.Debug|Any CPU.ActiveCfg = Debug|Any CPU
		{e2cea355-2854-d7f9-f532-fccfdd6aa186}.Debug|Any CPU.Build.0 = Debug|Any CPU
		{42d122ee-a807-be62-cf3c-1827fde64653}.Debug|Any CPU.ActiveCfg = Debug|Any CPU
		{42d122ee-a807-be62-cf3c-1827fde64653}.Debug|Any CPU.Build.0 = Debug|Any CPU
		{14281628-da99-5c03-ac43-b39e6009bb02}.Debug|Any CPU.ActiveCfg = Debug|Any CPU
		{14281628-da99-5c03-ac43-b39e6009bb02}.Debug|Any CPU.Build.0 = Debug|Any CPU
		{4ef9eeb5-347c-899b-a982-895b185d02f4}.Debug|Any CPU.ActiveCfg = Debug|Any CPU
		{4ef9eeb5-347c-899b-a982-895b185d02f4}.Debug|Any CPU.Build.0 = Debug|Any CPU
	EndGlobalSection
	GlobalSection(SolutionProperties) = preSolution
		HideSolutionNode = FALSE
	EndGlobalSection
EndGlobal
